// !$*UTF8*$!
{
	archiveVersion = 1;
	classes = {
	};
	objectVersion = 50;
	objects = {

/* Begin PBXBuildFile section */
		479A455E228DAB92002A2B3E /* AppDelegate.swift in Sources */ = {isa = PBXBuildFile; fileRef = 479A455D228DAB92002A2B3E /* AppDelegate.swift */; };
		479A4560228DAB92002A2B3E /* ViewController.swift in Sources */ = {isa = PBXBuildFile; fileRef = 479A455F228DAB92002A2B3E /* ViewController.swift */; };
		479A4563228DAB92002A2B3E /* Main.storyboard in Resources */ = {isa = PBXBuildFile; fileRef = 479A4561228DAB92002A2B3E /* Main.storyboard */; };
		479A4565228DAB95002A2B3E /* Assets.xcassets in Resources */ = {isa = PBXBuildFile; fileRef = 479A4564228DAB95002A2B3E /* Assets.xcassets */; };
		479A4568228DAB95002A2B3E /* LaunchScreen.storyboard in Resources */ = {isa = PBXBuildFile; fileRef = 479A4566228DAB95002A2B3E /* LaunchScreen.storyboard */; };
		479A4573228DAB95002A2B3E /* taller_xcodeTests.swift in Sources */ = {isa = PBXBuildFile; fileRef = 479A4572228DAB95002A2B3E /* taller_xcodeTests.swift */; };
		479A457E228DAB95002A2B3E /* taller_xcodeUITests.swift in Sources */ = {isa = PBXBuildFile; fileRef = 479A457D228DAB95002A2B3E /* taller_xcodeUITests.swift */; };
/* End PBXBuildFile section */

/* Begin PBXContainerItemProxy section */
		479A456F228DAB95002A2B3E /* PBXContainerItemProxy */ = {
			isa = PBXContainerItemProxy;
			containerPortal = 479A4552228DAB92002A2B3E /* Project object */;
			proxyType = 1;
			remoteGlobalIDString = 479A4559228DAB92002A2B3E;
			remoteInfo = "taller-xcode";
		};
		479A457A228DAB95002A2B3E /* PBXContainerItemProxy */ = {
			isa = PBXContainerItemProxy;
			containerPortal = 479A4552228DAB92002A2B3E /* Project object */;
			proxyType = 1;
			remoteGlobalIDString = 479A4559228DAB92002A2B3E;
			remoteInfo = "taller-xcode";
		};
/* End PBXContainerItemProxy section */

/* Begin PBXFileReference section */
		479A455A228DAB92002A2B3E /* taller-xcode.app */ = {isa = PBXFileReference; explicitFileType = wrapper.application; includeInIndex = 0; path = "taller-xcode.app"; sourceTree = BUILT_PRODUCTS_DIR; };
		479A455D228DAB92002A2B3E /* AppDelegate.swift */ = {isa = PBXFileReference; lastKnownFileType = sourcecode.swift; path = AppDelegate.swift; sourceTree = "<group>"; };
		479A455F228DAB92002A2B3E /* ViewController.swift */ = {isa = PBXFileReference; lastKnownFileType = sourcecode.swift; path = ViewController.swift; sourceTree = "<group>"; };
		479A4562228DAB92002A2B3E /* Base */ = {isa = PBXFileReference; lastKnownFileType = file.storyboard; name = Base; path = Base.lproj/Main.storyboard; sourceTree = "<group>"; };
		479A4564228DAB95002A2B3E /* Assets.xcassets */ = {isa = PBXFileReference; lastKnownFileType = folder.assetcatalog; path = Assets.xcassets; sourceTree = "<group>"; };
		479A4567228DAB95002A2B3E /* Base */ = {isa = PBXFileReference; lastKnownFileType = file.storyboard; name = Base; path = Base.lproj/LaunchScreen.storyboard; sourceTree = "<group>"; };
		479A4569228DAB95002A2B3E /* Info.plist */ = {isa = PBXFileReference; lastKnownFileType = text.plist.xml; path = Info.plist; sourceTree = "<group>"; };
		479A456E228DAB95002A2B3E /* taller-xcodeTests.xctest */ = {isa = PBXFileReference; explicitFileType = wrapper.cfbundle; includeInIndex = 0; path = "taller-xcodeTests.xctest"; sourceTree = BUILT_PRODUCTS_DIR; };
		479A4572228DAB95002A2B3E /* taller_xcodeTests.swift */ = {isa = PBXFileReference; lastKnownFileType = sourcecode.swift; path = taller_xcodeTests.swift; sourceTree = "<group>"; };
		479A4574228DAB95002A2B3E /* Info.plist */ = {isa = PBXFileReference; lastKnownFileType = text.plist.xml; path = Info.plist; sourceTree = "<group>"; };
		479A4579228DAB95002A2B3E /* taller-xcodeUITests.xctest */ = {isa = PBXFileReference; explicitFileType = wrapper.cfbundle; includeInIndex = 0; path = "taller-xcodeUITests.xctest"; sourceTree = BUILT_PRODUCTS_DIR; };
		479A457D228DAB95002A2B3E /* taller_xcodeUITests.swift */ = {isa = PBXFileReference; lastKnownFileType = sourcecode.swift; path = taller_xcodeUITests.swift; sourceTree = "<group>"; };
		479A457F228DAB95002A2B3E /* Info.plist */ = {isa = PBXFileReference; lastKnownFileType = text.plist.xml; path = Info.plist; sourceTree = "<group>"; };
		479A45A0228DBAA2002A2B3E /* 1.jpg */ = {isa = PBXFileReference; lastKnownFileType = image.jpeg; path = 1.jpg; sourceTree = "<group>"; };
		479A45A1228DBAA2002A2B3E /* 4.png */ = {isa = PBXFileReference; lastKnownFileType = image.png; path = 4.png; sourceTree = "<group>"; };
		479A45A2228DBAA3002A2B3E /* 3.jpg */ = {isa = PBXFileReference; lastKnownFileType = image.jpeg; path = 3.jpg; sourceTree = "<group>"; };
		479A45A3228DBAA3002A2B3E /* 2.png */ = {isa = PBXFileReference; lastKnownFileType = image.png; path = 2.png; sourceTree = "<group>"; };
		479A45A4228DBAA3002A2B3E /* 6.png */ = {isa = PBXFileReference; lastKnownFileType = image.png; path = 6.png; sourceTree = "<group>"; };
/* End PBXFileReference section */

/* Begin PBXFrameworksBuildPhase section */
		479A4557228DAB92002A2B3E /* Frameworks */ = {
			isa = PBXFrameworksBuildPhase;
			buildActionMask = 2147483647;
			files = (
			);
			runOnlyForDeploymentPostprocessing = 0;
		};
		479A456B228DAB95002A2B3E /* Frameworks */ = {
			isa = PBXFrameworksBuildPhase;
			buildActionMask = 2147483647;
			files = (
			);
			runOnlyForDeploymentPostprocessing = 0;
		};
		479A4576228DAB95002A2B3E /* Frameworks */ = {
			isa = PBXFrameworksBuildPhase;
			buildActionMask = 2147483647;
			files = (
			);
			runOnlyForDeploymentPostprocessing = 0;
		};
/* End PBXFrameworksBuildPhase section */

/* Begin PBXGroup section */
		479A4551228DAB92002A2B3E = {
			isa = PBXGroup;
			children = (
				479A455C228DAB92002A2B3E /* taller-xcode */,
				479A4571228DAB95002A2B3E /* taller-xcodeTests */,
				479A457C228DAB95002A2B3E /* taller-xcodeUITests */,
				479A455B228DAB92002A2B3E /* Products */,
			);
			sourceTree = "<group>";
		};
		479A455B228DAB92002A2B3E /* Products */ = {
			isa = PBXGroup;
			children = (
				479A455A228DAB92002A2B3E /* taller-xcode.app */,
				479A456E228DAB95002A2B3E /* taller-xcodeTests.xctest */,
				479A4579228DAB95002A2B3E /* taller-xcodeUITests.xctest */,
			);
			name = Products;
			sourceTree = "<group>";
		};
		479A455C228DAB92002A2B3E /* taller-xcode */ = {
			isa = PBXGroup;
			children = (
				479A458B228DB27B002A2B3E /* media */,
				479A455D228DAB92002A2B3E /* AppDelegate.swift */,
				479A455F228DAB92002A2B3E /* ViewController.swift */,
				479A4561228DAB92002A2B3E /* Main.storyboard */,
				479A4564228DAB95002A2B3E /* Assets.xcassets */,
				479A4566228DAB95002A2B3E /* LaunchScreen.storyboard */,
				479A4569228DAB95002A2B3E /* Info.plist */,
			);
			path = "taller-xcode";
			sourceTree = "<group>";
		};
		479A4571228DAB95002A2B3E /* taller-xcodeTests */ = {
			isa = PBXGroup;
			children = (
				479A4572228DAB95002A2B3E /* taller_xcodeTests.swift */,
				479A4574228DAB95002A2B3E /* Info.plist */,
			);
			path = "taller-xcodeTests";
			sourceTree = "<group>";
		};
		479A457C228DAB95002A2B3E /* taller-xcodeUITests */ = {
			isa = PBXGroup;
			children = (
				479A457D228DAB95002A2B3E /* taller_xcodeUITests.swift */,
				479A457F228DAB95002A2B3E /* Info.plist */,
			);
			path = "taller-xcodeUITests";
			sourceTree = "<group>";
		};
		479A458B228DB27B002A2B3E /* media */ = {
			isa = PBXGroup;
			children = (
				479A45A0228DBAA2002A2B3E /* 1.jpg */,
				479A45A3228DBAA3002A2B3E /* 2.png */,
				479A45A2228DBAA3002A2B3E /* 3.jpg */,
				479A45A1228DBAA2002A2B3E /* 4.png */,
				479A45A4228DBAA3002A2B3E /* 6.png */,
			);
			path = media;
			sourceTree = "<group>";
		};
/* End PBXGroup section */

/* Begin PBXNativeTarget section */
		479A4559228DAB92002A2B3E /* taller-xcode */ = {
			isa = PBXNativeTarget;
			buildConfigurationList = 479A4582228DAB95002A2B3E /* Build configuration list for PBXNativeTarget "taller-xcode" */;
			buildPhases = (
				479A4556228DAB92002A2B3E /* Sources */,
				479A4557228DAB92002A2B3E /* Frameworks */,
				479A4558228DAB92002A2B3E /* Resources */,
			);
			buildRules = (
			);
			dependencies = (
			);
			name = "taller-xcode";
			productName = "taller-xcode";
			productReference = 479A455A228DAB92002A2B3E /* taller-xcode.app */;
			productType = "com.apple.product-type.application";
		};
		479A456D228DAB95002A2B3E /* taller-xcodeTests */ = {
			isa = PBXNativeTarget;
			buildConfigurationList = 479A4585228DAB95002A2B3E /* Build configuration list for PBXNativeTarget "taller-xcodeTests" */;
			buildPhases = (
				479A456A228DAB95002A2B3E /* Sources */,
				479A456B228DAB95002A2B3E /* Frameworks */,
				479A456C228DAB95002A2B3E /* Resources */,
			);
			buildRules = (
			);
			dependencies = (
				479A4570228DAB95002A2B3E /* PBXTargetDependency */,
			);
			name = "taller-xcodeTests";
			productName = "taller-xcodeTests";
			productReference = 479A456E228DAB95002A2B3E /* taller-xcodeTests.xctest */;
			productType = "com.apple.product-type.bundle.unit-test";
		};
		479A4578228DAB95002A2B3E /* taller-xcodeUITests */ = {
			isa = PBXNativeTarget;
			buildConfigurationList = 479A4588228DAB95002A2B3E /* Build configuration list for PBXNativeTarget "taller-xcodeUITests" */;
			buildPhases = (
				479A4575228DAB95002A2B3E /* Sources */,
				479A4576228DAB95002A2B3E /* Frameworks */,
				479A4577228DAB95002A2B3E /* Resources */,
			);
			buildRules = (
			);
			dependencies = (
				479A457B228DAB95002A2B3E /* PBXTargetDependency */,
			);
			name = "taller-xcodeUITests";
			productName = "taller-xcodeUITests";
			productReference = 479A4579228DAB95002A2B3E /* taller-xcodeUITests.xctest */;
			productType = "com.apple.product-type.bundle.ui-testing";
		};
/* End PBXNativeTarget section */

/* Begin PBXProject section */
		479A4552228DAB92002A2B3E /* Project object */ = {
			isa = PBXProject;
			attributes = {
				LastSwiftUpdateCheck = 1010;
				LastUpgradeCheck = 1010;
				ORGANIZATIONNAME = Supermavster;
				TargetAttributes = {
					479A4559228DAB92002A2B3E = {
						CreatedOnToolsVersion = 10.1;
					};
					479A456D228DAB95002A2B3E = {
						CreatedOnToolsVersion = 10.1;
						TestTargetID = 479A4559228DAB92002A2B3E;
					};
					479A4578228DAB95002A2B3E = {
						CreatedOnToolsVersion = 10.1;
						TestTargetID = 479A4559228DAB92002A2B3E;
					};
				};
			};
			buildConfigurationList = 479A4555228DAB92002A2B3E /* Build configuration list for PBXProject "taller-xcode" */;
			compatibilityVersion = "Xcode 9.3";
			developmentRegion = en;
			hasScannedForEncodings = 0;
			knownRegions = (
				en,
				Base,
			);
			mainGroup = 479A4551228DAB92002A2B3E;
			productRefGroup = 479A455B228DAB92002A2B3E /* Products */;
			projectDirPath = "";
			projectRoot = "";
			targets = (
				479A4559228DAB92002A2B3E /* taller-xcode */,
				479A456D228DAB95002A2B3E /* taller-xcodeTests */,
				479A4578228DAB95002A2B3E /* taller-xcodeUITests */,
			);
		};
/* End PBXProject section */

/* Begin PBXResourcesBuildPhase section */
		479A4558228DAB92002A2B3E /* Resources */ = {
			isa = PBXResourcesBuildPhase;
			buildActionMask = 2147483647;
			files = (
				479A4568228DAB95002A2B3E /* LaunchScreen.storyboard in Resources */,
				479A4565228DAB95002A2B3E /* Assets.xcassets in Resources */,
				479A4563228DAB92002A2B3E /* Main.storyboard in Resources */,
			);
			runOnlyForDeploymentPostprocessing = 0;
		};
		479A456C228DAB95002A2B3E /* Resources */ = {
			isa = PBXResourcesBuildPhase;
			buildActionMask = 2147483647;
			files = (
			);
			runOnlyForDeploymentPostprocessing = 0;
		};
		479A4577228DAB95002A2B3E /* Resources */ = {
			isa = PBXResourcesBuildPhase;
			buildActionMask = 2147483647;
			files = (
			);
			runOnlyForDeploymentPostprocessing = 0;
		};
/* End PBXResourcesBuildPhase section */

/* Begin PBXSourcesBuildPhase section */
		479A4556228DAB92002A2B3E /* Sources */ = {
			isa = PBXSourcesBuildPhase;
			buildActionMask = 2147483647;
			files = (
				479A4560228DAB92002A2B3E /* ViewController.swift in Sources */,
				479A455E228DAB92002A2B3E /* AppDelegate.swift in Sources */,
			);
			runOnlyForDeploymentPostprocessing = 0;
		};
		479A456A228DAB95002A2B3E /* Sources */ = {
			isa = PBXSourcesBuildPhase;
			buildActionMask = 2147483647;
			files = (
				479A4573228DAB95002A2B3E /* taller_xcodeTests.swift in Sources */,
			);
			runOnlyForDeploymentPostprocessing = 0;
		};
		479A4575228DAB95002A2B3E /* Sources */ = {
			isa = PBXSourcesBuildPhase;
			buildActionMask = 2147483647;
			files = (
				479A457E228DAB95002A2B3E /* taller_xcodeUITests.swift in Sources */,
			);
			runOnlyForDeploymentPostprocessing = 0;
		};
/* End PBXSourcesBuildPhase section */

/* Begin PBXTargetDependency section */
		479A4570228DAB95002A2B3E /* PBXTargetDependency */ = {
			isa = PBXTargetDependency;
			target = 479A4559228DAB92002A2B3E /* taller-xcode */;
			targetProxy = 479A456F228DAB95002A2B3E /* PBXContainerItemProxy */;
		};
		479A457B228DAB95002A2B3E /* PBXTargetDependency */ = {
			isa = PBXTargetDependency;
			target = 479A4559228DAB92002A2B3E /* taller-xcode */;
			targetProxy = 479A457A228DAB95002A2B3E /* PBXContainerItemProxy */;
		};
/* End PBXTargetDependency section */

/* Begin PBXVariantGroup section */
		479A4561228DAB92002A2B3E /* Main.storyboard */ = {
			isa = PBXVariantGroup;
			children = (
				479A4562228DAB92002A2B3E /* Base */,
			);
			name = Main.storyboard;
			sourceTree = "<group>";
		};
		479A4566228DAB95002A2B3E /* LaunchScreen.storyboard */ = {
			isa = PBXVariantGroup;
			children = (
				479A4567228DAB95002A2B3E /* Base */,
			);
			name = LaunchScreen.storyboard;
			sourceTree = "<group>";
		};
/* End PBXVariantGroup section */

/* Begin XCBuildConfiguration section */
		479A4580228DAB95002A2B3E /* Debug */ = {
			isa = XCBuildConfiguration;
			buildSettings = {
				ALWAYS_SEARCH_USER_PATHS = NO;
				CLANG_ANALYZER_NONNULL = YES;
				CLANG_ANALYZER_NUMBER_OBJECT_CONVERSION = YES_AGGRESSIVE;
				CLANG_CXX_LANGUAGE_STANDARD = "gnu++14";
				CLANG_CXX_LIBRARY = "libc++";
				CLANG_ENABLE_MODULES = YES;
				CLANG_ENABLE_OBJC_ARC = YES;
				CLANG_ENABLE_OBJC_WEAK = YES;
				CLANG_WARN_BLOCK_CAPTURE_AUTORELEASING = YES;
				CLANG_WARN_BOOL_CONVERSION = YES;
				CLANG_WARN_COMMA = YES;
				CLANG_WARN_CONSTANT_CONVERSION = YES;
				CLANG_WARN_DEPRECATED_OBJC_IMPLEMENTATIONS = YES;
				CLANG_WARN_DIRECT_OBJC_ISA_USAGE = YES_ERROR;
				CLANG_WARN_DOCUMENTATION_COMMENTS = YES;
				CLANG_WARN_EMPTY_BODY = YES;
				CLANG_WARN_ENUM_CONVERSION = YES;
				CLANG_WARN_INFINITE_RECURSION = YES;
				CLANG_WARN_INT_CONVERSION = YES;
				CLANG_WARN_NON_LITERAL_NULL_CONVERSION = YES;
				CLANG_WARN_OBJC_IMPLICIT_RETAIN_SELF = YES;
				CLANG_WARN_OBJC_LITERAL_CONVERSION = YES;
				CLANG_WARN_OBJC_ROOT_CLASS = YES_ERROR;
				CLANG_WARN_RANGE_LOOP_ANALYSIS = YES;
				CLANG_WARN_STRICT_PROTOTYPES = YES;
				CLANG_WARN_SUSPICIOUS_MOVE = YES;
				CLANG_WARN_UNGUARDED_AVAILABILITY = YES_AGGRESSIVE;
				CLANG_WARN_UNREACHABLE_CODE = YES;
				CLANG_WARN__DUPLICATE_METHOD_MATCH = YES;
				CODE_SIGN_IDENTITY = "iPhone Developer";
				COPY_PHASE_STRIP = NO;
				DEBUG_INFORMATION_FORMAT = dwarf;
				ENABLE_STRICT_OBJC_MSGSEND = YES;
				ENABLE_TESTABILITY = YES;
				GCC_C_LANGUAGE_STANDARD = gnu11;
				GCC_DYNAMIC_NO_PIC = NO;
				GCC_NO_COMMON_BLOCKS = YES;
				GCC_OPTIMIZATION_LEVEL = 0;
				GCC_PREPROCESSOR_DEFINITIONS = (
					"DEBUG=1",
					"$(inherited)",
				);
				GCC_WARN_64_TO_32_BIT_CONVERSION = YES;
				GCC_WARN_ABOUT_RETURN_TYPE = YES_ERROR;
				GCC_WARN_UNDECLARED_SELECTOR = YES;
				GCC_WARN_UNINITIALIZED_AUTOS = YES_AGGRESSIVE;
				GCC_WARN_UNUSED_FUNCTION = YES;
				GCC_WARN_UNUSED_VARIABLE = YES;
				IPHONEOS_DEPLOYMENT_TARGET = 12.1;
				MTL_ENABLE_DEBUG_INFO = INCLUDE_SOURCE;
				MTL_FAST_MATH = YES;
				ONLY_ACTIVE_ARCH = YES;
				SDKROOT = iphoneos;
				SWIFT_ACTIVE_COMPILATION_CONDITIONS = DEBUG;
				SWIFT_OPTIMIZATION_LEVEL = "-Onone";
			};
			name = Debug;
		};
		479A4581228DAB95002A2B3E /* Release */ = {
			isa = XCBuildConfiguration;
			buildSettings = {
				ALWAYS_SEARCH_USER_PATHS = NO;
				CLANG_ANALYZER_NONNULL = YES;
				CLANG_ANALYZER_NUMBER_OBJECT_CONVERSION = YES_AGGRESSIVE;
				CLANG_CXX_LANGUAGE_STANDARD = "gnu++14";
				CLANG_CXX_LIBRARY = "libc++";
				CLANG_ENABLE_MODULES = YES;
				CLANG_ENABLE_OBJC_ARC = YES;
				CLANG_ENABLE_OBJC_WEAK = YES;
				CLANG_WARN_BLOCK_CAPTURE_AUTORELEASING = YES;
				CLANG_WARN_BOOL_CONVERSION = YES;
				CLANG_WARN_COMMA = YES;
				CLANG_WARN_CONSTANT_CONVERSION = YES;
				CLANG_WARN_DEPRECATED_OBJC_IMPLEMENTATIONS = YES;
				CLANG_WARN_DIRECT_OBJC_ISA_USAGE = YES_ERROR;
				CLANG_WARN_DOCUMENTATION_COMMENTS = YES;
				CLANG_WARN_EMPTY_BODY = YES;
				CLANG_WARN_ENUM_CONVERSION = YES;
				CLANG_WARN_INFINITE_RECURSION = YES;
				CLANG_WARN_INT_CONVERSION = YES;
				CLANG_WARN_NON_LITERAL_NULL_CONVERSION = YES;
				CLANG_WARN_OBJC_IMPLICIT_RETAIN_SELF = YES;
				CLANG_WARN_OBJC_LITERAL_CONVERSION = YES;
				CLANG_WARN_OBJC_ROOT_CLASS = YES_ERROR;
				CLANG_WARN_RANGE_LOOP_ANALYSIS = YES;
				CLANG_WARN_STRICT_PROTOTYPES = YES;
				CLANG_WARN_SUSPICIOUS_MOVE = YES;
				CLANG_WARN_UNGUARDED_AVAILABILITY = YES_AGGRESSIVE;
				CLANG_WARN_UNREACHABLE_CODE = YES;
				CLANG_WARN__DUPLICATE_METHOD_MATCH = YES;
				CODE_SIGN_IDENTITY = "iPhone Developer";
				COPY_PHASE_STRIP = NO;
				DEBUG_INFORMATION_FORMAT = "dwarf-with-dsym";
				ENABLE_NS_ASSERTIONS = NO;
				ENABLE_STRICT_OBJC_MSGSEND = YES;
				GCC_C_LANGUAGE_STANDARD = gnu11;
				GCC_NO_COMMON_BLOCKS = YES;
				GCC_WARN_64_TO_32_BIT_CONVERSION = YES;
				GCC_WARN_ABOUT_RETURN_TYPE = YES_ERROR;
				GCC_WARN_UNDECLARED_SELECTOR = YES;
				GCC_WARN_UNINITIALIZED_AUTOS = YES_AGGRESSIVE;
				GCC_WARN_UNUSED_FUNCTION = YES;
				GCC_WARN_UNUSED_VARIABLE = YES;
				IPHONEOS_DEPLOYMENT_TARGET = 12.1;
				MTL_ENABLE_DEBUG_INFO = NO;
				MTL_FAST_MATH = YES;
				SDKROOT = iphoneos;
				SWIFT_COMPILATION_MODE = wholemodule;
				SWIFT_OPTIMIZATION_LEVEL = "-O";
				VALIDATE_PRODUCT = YES;
			};
			name = Release;
		};
		479A4583228DAB95002A2B3E /* Debug */ = {
			isa = XCBuildConfiguration;
			buildSettings = {
				ASSETCATALOG_COMPILER_APPICON_NAME = AppIcon;
				CODE_SIGN_STYLE = Automatic;
				INFOPLIST_FILE = "taller-xcode/Info.plist";
				LD_RUNPATH_SEARCH_PATHS = (
					"$(inherited)",
					"@executable_path/Frameworks",
				);
				PRODUCT_BUNDLE_IDENTIFIER = "com.supermavster.taller-xcode";
				PRODUCT_NAME = "$(TARGET_NAME)";
				SWIFT_VERSION = 4.2;
				TARGETED_DEVICE_FAMILY = "1,2";
			};
			name = Debug;
		};
		479A4584228DAB95002A2B3E /* Release */ = {
			isa = XCBuildConfiguration;
			buildSettings = {
				ASSETCATALOG_COMPILER_APPICON_NAME = AppIcon;
				CODE_SIGN_STYLE = Automatic;
				INFOPLIST_FILE = "taller-xcode/Info.plist";
				LD_RUNPATH_SEARCH_PATHS = (
					"$(inherited)",
					"@executable_path/Frameworks",
				);
				PRODUCT_BUNDLE_IDENTIFIER = "com.supermavster.taller-xcode";
				PRODUCT_NAME = "$(TARGET_NAME)";
				SWIFT_VERSION = 4.2;
				TARGETED_DEVICE_FAMILY = "1,2";
			};
			name = Release;
		};
		479A4586228DAB95002A2B3E /* Debug */ = {
			isa = XCBuildConfiguration;
			buildSettings = {
				ALWAYS_EMBED_SWIFT_STANDARD_LIBRARIES = YES;
				BUNDLE_LOADER = "$(TEST_HOST)";
				CODE_SIGN_STYLE = Automatic;
				INFOPLIST_FILE = "taller-xcodeTests/Info.plist";
				LD_RUNPATH_SEARCH_PATHS = (
					"$(inherited)",
					"@executable_path/Frameworks",
					"@loader_path/Frameworks",
				);
				PRODUCT_BUNDLE_IDENTIFIER = "com.supermavster.taller-xcodeTests";
				PRODUCT_NAME = "$(TARGET_NAME)";
				SWIFT_VERSION = 4.2;
				TARGETED_DEVICE_FAMILY = "1,2";
				TEST_HOST = "$(BUILT_PRODUCTS_DIR)/taller-xcode.app/taller-xcode";
			};
			name = Debug;
		};
		479A4587228DAB95002A2B3E /* Release */ = {
			isa = XCBuildConfiguration;
			buildSettings = {
				ALWAYS_EMBED_SWIFT_STANDARD_LIBRARIES = YES;
				BUNDLE_LOADER = "$(TEST_HOST)";
				CODE_SIGN_STYLE = Automatic;
				INFOPLIST_FILE = "taller-xcodeTests/Info.plist";
				LD_RUNPATH_SEARCH_PATHS = (
					"$(inherited)",
					"@executable_path/Frameworks",
					"@loader_path/Frameworks",
				);
				PRODUCT_BUNDLE_IDENTIFIER = "com.supermavster.taller-xcodeTests";
				PRODUCT_NAME = "$(TARGET_NAME)";
				SWIFT_VERSION = 4.2;
				TARGETED_DEVICE_FAMILY = "1,2";
				TEST_HOST = "$(BUILT_PRODUCTS_DIR)/taller-xcode.app/taller-xcode";
			};
			name = Release;
		};
		479A4589228DAB95002A2B3E /* Debug */ = {
			isa = XCBuildConfiguration;
			buildSettings = {
				ALWAYS_EMBED_SWIFT_STANDARD_LIBRARIES = YES;
				CODE_SIGN_STYLE = Automatic;
				INFOPLIST_FILE = "taller-xcodeUITests/Info.plist";
				LD_RUNPATH_SEARCH_PATHS = (
					"$(inherited)",
					"@executable_path/Frameworks",
					"@loader_path/Frameworks",
				);
				PRODUCT_BUNDLE_IDENTIFIER = "com.supermavster.taller-xcodeUITests";
				PRODUCT_NAME = "$(TARGET_NAME)";
				SWIFT_VERSION = 4.2;
				TARGETED_DEVICE_FAMILY = "1,2";
				TEST_TARGET_NAME = "taller-xcode";
			};
			name = Debug;
		};
		479A458A228DAB95002A2B3E /* Release */ = {
			isa = XCBuildConfiguration;
			buildSettings = {
				ALWAYS_EMBED_SWIFT_STANDARD_LIBRARIES = YES;
				CODE_SIGN_STYLE = Automatic;
				INFOPLIST_FILE = "taller-xcodeUITests/Info.plist";
				LD_RUNPATH_SEARCH_PATHS = (
					"$(inherited)",
					"@executable_path/Frameworks",
					"@loader_path/Frameworks",
				);
				PRODUCT_BUNDLE_IDENTIFIER = "com.supermavster.taller-xcodeUITests";
				PRODUCT_NAME = "$(TARGET_NAME)";
				SWIFT_VERSION = 4.2;
				TARGETED_DEVICE_FAMILY = "1,2";
				TEST_TARGET_NAME = "taller-xcode";
			};
			name = Release;
		};
/* End XCBuildConfiguration section */

/* Begin XCConfigurationList section */
		479A4555228DAB92002A2B3E /* Build configuration list for PBXProject "taller-xcode" */ = {
			isa = XCConfigurationList;
			buildConfigurations = (
				479A4580228DAB95002A2B3E /* Debug */,
				479A4581228DAB95002A2B3E /* Release */,
			);
			defaultConfigurationIsVisible = 0;
			defaultConfigurationName = Release;
		};
		479A4582228DAB95002A2B3E /* Build configuration list for PBXNativeTarget "taller-xcode" */ = {
			isa = XCConfigurationList;
			buildConfigurations = (
				479A4583228DAB95002A2B3E /* Debug */,
				479A4584228DAB95002A2B3E /* Release */,
			);
			defaultConfigurationIsVisible = 0;
			defaultConfigurationName = Release;
		};
		479A4585228DAB95002A2B3E /* Build configuration list for PBXNativeTarget "taller-xcodeTests" */ = {
			isa = XCConfigurationList;
			buildConfigurations = (
				479A4586228DAB95002A2B3E /* Debug */,
				479A4587228DAB95002A2B3E /* Release */,
			);
			defaultConfigurationIsVisible = 0;
			defaultConfigurationName = Release;
		};
		479A4588228DAB95002A2B3E /* Build configuration list for PBXNativeTarget "taller-xcodeUITests" */ = {
			isa = XCConfigurationList;
			buildConfigurations = (
				479A4589228DAB95002A2B3E /* Debug */,
				479A458A228DAB95002A2B3E /* Release */,
			);
			defaultConfigurationIsVisible = 0;
			defaultConfigurationName = Release;
		};
/* End XCConfigurationList section */
	};
	rootObject = 479A4552228DAB92002A2B3E /* Project object */;
}
