// !$*UTF8*$!
{
	archiveVersion = 1;
	classes = {
	};
	objectVersion = 46;
	objects = {

/* Begin PBXBuildFile section */
		13D244851E3BA31E007554A9 /* AppDelegate.swift in Sources */ = {isa = PBXBuildFile; fileRef = 13D244841E3BA31E007554A9 /* AppDelegate.swift */; };
		13D244871E3BA31E007554A9 /* ViewController.swift in Sources */ = {isa = PBXBuildFile; fileRef = 13D244861E3BA31E007554A9 /* ViewController.swift */; };
		13D2448A1E3BA31E007554A9 /* Main.storyboard in Resources */ = {isa = PBXBuildFile; fileRef = 13D244881E3BA31E007554A9 /* Main.storyboard */; };
		13D2448C1E3BA31E007554A9 /* Assets.xcassets in Resources */ = {isa = PBXBuildFile; fileRef = 13D2448B1E3BA31E007554A9 /* Assets.xcassets */; };
		13D2448F1E3BA31E007554A9 /* LaunchScreen.storyboard in Resources */ = {isa = PBXBuildFile; fileRef = 13D2448D1E3BA31E007554A9 /* LaunchScreen.storyboard */; };
/* End PBXBuildFile section */

/* Begin PBXFileReference section */
		13D244811E3BA31E007554A9 /* CollectionView_Intro_Inicio.app */ = {isa = PBXFileReference; explicitFileType = wrapper.application; includeInIndex = 0; path = CollectionView_Intro_Inicio.app; sourceTree = BUILT_PRODUCTS_DIR; };
		13D244841E3BA31E007554A9 /* AppDelegate.swift */ = {isa = PBXFileReference; lastKnownFileType = sourcecode.swift; path = AppDelegate.swift; sourceTree = "<group>"; };
		13D244861E3BA31E007554A9 /* ViewController.swift */ = {isa = PBXFileReference; lastKnownFileType = sourcecode.swift; path = ViewController.swift; sourceTree = "<group>"; };
		13D244891E3BA31E007554A9 /* Base */ = {isa = PBXFileReference; lastKnownFileType = file.storyboard; name = Base; path = Base.lproj/Main.storyboard; sourceTree = "<group>"; };
		13D2448B1E3BA31E007554A9 /* Assets.xcassets */ = {isa = PBXFileReference; lastKnownFileType = folder.assetcatalog; path = Assets.xcassets; sourceTree = "<group>"; };
		13D2448E1E3BA31E007554A9 /* Base */ = {isa = PBXFileReference; lastKnownFileType = file.storyboard; name = Base; path = Base.lproj/LaunchScreen.storyboard; sourceTree = "<group>"; };
		13D244901E3BA31E007554A9 /* Info.plist */ = {isa = PBXFileReference; lastKnownFileType = text.plist.xml; path = Info.plist; sourceTree = "<group>"; };
/* End PBXFileReference section */

/* Begin PBXFrameworksBuildPhase section */
		13D2447E1E3BA31E007554A9 /* Frameworks */ = {
			isa = PBXFrameworksBuildPhase;
			buildActionMask = 2147483647;
			files = (
			);
			runOnlyForDeploymentPostprocessing = 0;
		};
/* End PBXFrameworksBuildPhase section */

/* Begin PBXGroup section */
		13D244781E3BA31E007554A9 = {
			isa = PBXGroup;
			children = (
				13D244831E3BA31E007554A9 /* CollectionView_Intro_Inicio */,
				13D244821E3BA31E007554A9 /* Products */,
			);
			sourceTree = "<group>";
		};
		13D244821E3BA31E007554A9 /* Products */ = {
			isa = PBXGroup;
			children = (
				13D244811E3BA31E007554A9 /* CollectionView_Intro_Inicio.app */,
			);
			name = Products;
			sourceTree = "<group>";
		};
		13D244831E3BA31E007554A9 /* CollectionView_Intro_Inicio */ = {
			isa = PBXGroup;
			children = (
				13D244841E3BA31E007554A9 /* AppDelegate.swift */,
				13D244861E3BA31E007554A9 /* ViewController.swift */,
				13D244881E3BA31E007554A9 /* Main.storyboard */,
				13D2448B1E3BA31E007554A9 /* Assets.xcassets */,
				13D2448D1E3BA31E007554A9 /* LaunchScreen.storyboard */,
				13D244901E3BA31E007554A9 /* Info.plist */,
			);
			path = CollectionView_Intro_Inicio;
			sourceTree = "<group>";
		};
/* End PBXGroup section */

/* Begin PBXNativeTarget section */
		13D244801E3BA31E007554A9 /* CollectionView_Intro_Inicio */ = {
			isa = PBXNativeTarget;
			buildConfigurationList = 13D244931E3BA31E007554A9 /* Build configuration list for PBXNativeTarget "CollectionView_Intro_Inicio" */;
			buildPhases = (
				13D2447D1E3BA31E007554A9 /* Sources */,
				13D2447E1E3BA31E007554A9 /* Frameworks */,
				13D2447F1E3BA31E007554A9 /* Resources */,
			);
			buildRules = (
			);
			dependencies = (
			);
			name = CollectionView_Intro_Inicio;
			productName = CollectionView_Intro_Inicio;
			productReference = 13D244811E3BA31E007554A9 /* CollectionView_Intro_Inicio.app */;
			productType = "com.apple.product-type.application";
		};
/* End PBXNativeTarget section */

/* Begin PBXProject section */
		13D244791E3BA31E007554A9 /* Project object */ = {
			isa = PBXProject;
			attributes = {
				LastSwiftUpdateCheck = 0820;
				LastUpgradeCheck = 0820;
				ORGANIZATIONNAME = EfectoApple;
				TargetAttributes = {
					13D244801E3BA31E007554A9 = {
						CreatedOnToolsVersion = 8.2.1;
						DevelopmentTeam = 2NAFC97M9Y;
						ProvisioningStyle = Automatic;
					};
				};
			};
			buildConfigurationList = 13D2447C1E3BA31E007554A9 /* Build configuration list for PBXProject "CollectionView_Intro_Inicio" */;
			compatibilityVersion = "Xcode 3.2";
			developmentRegion = English;
			hasScannedForEncodings = 0;
			knownRegions = (
				en,
				Base,
			);
			mainGroup = 13D244781E3BA31E007554A9;
			productRefGroup = 13D244821E3BA31E007554A9 /* Products */;
			projectDirPath = "";
			projectRoot = "";
			targets = (
				13D244801E3BA31E007554A9 /* CollectionView_Intro_Inicio */,
			);
		};
/* End PBXProject section */

/* Begin PBXResourcesBuildPhase section */
		13D2447F1E3BA31E007554A9 /* Resources */ = {
			isa = PBXResourcesBuildPhase;
			buildActionMask = 2147483647;
			files = (
				13D2448F1E3BA31E007554A9 /* LaunchScreen.storyboard in Resources */,
				13D2448C1E3BA31E007554A9 /* Assets.xcassets in Resources */,
				13D2448A1E3BA31E007554A9 /* Main.storyboard in Resources */,
			);
			runOnlyForDeploymentPostprocessing = 0;
		};
/* End PBXResourcesBuildPhase section */

/* Begin PBXSourcesBuildPhase section */
		13D2447D1E3BA31E007554A9 /* Sources */ = {
			isa = PBXSourcesBuildPhase;
			buildActionMask = 2147483647;
			files = (
				13D244871E3BA31E007554A9 /* ViewController.swift in Sources */,
				13D244851E3BA31E007554A9 /* AppDelegate.swift in Sources */,
			);
			runOnlyForDeploymentPostprocessing = 0;
		};
/* End PBXSourcesBuildPhase section */

/* Begin PBXVariantGroup section */
		13D244881E3BA31E007554A9 /* Main.storyboard */ = {
			isa = PBXVariantGroup;
			children = (
				13D244891E3BA31E007554A9 /* Base */,
			);
			name = Main.storyboard;
			sourceTree = "<group>";
		};
		13D2448D1E3BA31E007554A9 /* LaunchScreen.storyboard */ = {
			isa = PBXVariantGroup;
			children = (
				13D2448E1E3BA31E007554A9 /* Base */,
			);
			name = LaunchScreen.storyboard;
			sourceTree = "<group>";
		};
/* End PBXVariantGroup section */

/* Begin XCBuildConfiguration section */
		13D244911E3BA31E007554A9 /* Debug */ = {
			isa = XCBuildConfiguration;
			buildSettings = {
				ALWAYS_SEARCH_USER_PATHS = NO;
				CLANG_ANALYZER_NONNULL = YES;
				CLANG_CXX_LANGUAGE_STANDARD = "gnu++0x";
				CLANG_CXX_LIBRARY = "libc++";
				CLANG_ENABLE_MODULES = YES;
				CLANG_ENABLE_OBJC_ARC = YES;
				CLANG_WARN_BOOL_CONVERSION = YES;
				CLANG_WARN_CONSTANT_CONVERSION = YES;
				CLANG_WARN_DIRECT_OBJC_ISA_USAGE = YES_ERROR;
				CLANG_WARN_DOCUMENTATION_COMMENTS = YES;
				CLANG_WARN_EMPTY_BODY = YES;
				CLANG_WARN_ENUM_CONVERSION = YES;
				CLANG_WARN_INFINITE_RECURSION = YES;
				CLANG_WARN_INT_CONVERSION = YES;
				CLANG_WARN_OBJC_ROOT_CLASS = YES_ERROR;
				CLANG_WARN_SUSPICIOUS_MOVE = YES;
				CLANG_WARN_UNREACHABLE_CODE = YES;
				CLANG_WARN__DUPLICATE_METHOD_MATCH = YES;
				"CODE_SIGN_IDENTITY[sdk=iphoneos*]" = "iPhone Developer";
				COPY_PHASE_STRIP = NO;
				DEBUG_INFORMATION_FORMAT = dwarf;
				ENABLE_STRICT_OBJC_MSGSEND = YES;
				ENABLE_TESTABILITY = YES;
				GCC_C_LANGUAGE_STANDARD = gnu99;
				GCC_DYNAMIC_NO_PIC = NO;
				GCC_NO_COMMON_BLOCKS = YES;
				GCC_OPTIMIZATION_LEVEL = 0;
				GCC_PREPROCESSOR_DEFINITIONS = (
					"DEBUG=1",
					"$(inherited)",
				);
				GCC_WARN_64_TO_32_BIT_CONVERSION = YES;
				GCC_WARN_ABOUT_RETURN_TYPE = YES_ERROR;
				GCC_WARN_UNDECLARED_SELECTOR = YES;
				GCC_WARN_UNINITIALIZED_AUTOS = YES_AGGRESSIVE;
				GCC_WARN_UNUSED_FUNCTION = YES;
				GCC_WARN_UNUSED_VARIABLE = YES;
				IPHONEOS_DEPLOYMENT_TARGET = 10.2;
				MTL_ENABLE_DEBUG_INFO = YES;
				ONLY_ACTIVE_ARCH = YES;
				SDKROOT = iphoneos;
				SWIFT_ACTIVE_COMPILATION_CONDITIONS = DEBUG;
				SWIFT_OPTIMIZATION_LEVEL = "-Onone";
			};
			name = Debug;
		};
		13D244921E3BA31E007554A9 /* Release */ = {
			isa = XCBuildConfiguration;
			buildSettings = {
				ALWAYS_SEARCH_USER_PATHS = NO;
				CLANG_ANALYZER_NONNULL = YES;
				CLANG_CXX_LANGUAGE_STANDARD = "gnu++0x";
				CLANG_CXX_LIBRARY = "libc++";
				CLANG_ENABLE_MODULES = YES;
				CLANG_ENABLE_OBJC_ARC = YES;
				CLANG_WARN_BOOL_CONVERSION = YES;
				CLANG_WARN_CONSTANT_CONVERSION = YES;
				CLANG_WARN_DIRECT_OBJC_ISA_USAGE = YES_ERROR;
				CLANG_WARN_DOCUMENTATION_COMMENTS = YES;
				CLANG_WARN_EMPTY_BODY = YES;
				CLANG_WARN_ENUM_CONVERSION = YES;
				CLANG_WARN_INFINITE_RECURSION = YES;
				CLANG_WARN_INT_CONVERSION = YES;
				CLANG_WARN_OBJC_ROOT_CLASS = YES_ERROR;
				CLANG_WARN_SUSPICIOUS_MOVE = YES;
				CLANG_WARN_UNREACHABLE_CODE = YES;
				CLANG_WARN__DUPLICATE_METHOD_MATCH = YES;
				"CODE_SIGN_IDENTITY[sdk=iphoneos*]" = "iPhone Developer";
				COPY_PHASE_STRIP = NO;
				DEBUG_INFORMATION_FORMAT = "dwarf-with-dsym";
				ENABLE_NS_ASSERTIONS = NO;
				ENABLE_STRICT_OBJC_MSGSEND = YES;
				GCC_C_LANGUAGE_STANDARD = gnu99;
				GCC_NO_COMMON_BLOCKS = YES;
				GCC_WARN_64_TO_32_BIT_CONVERSION = YES;
				GCC_WARN_ABOUT_RETURN_TYPE = YES_ERROR;
				GCC_WARN_UNDECLARED_SELECTOR = YES;
				GCC_WARN_UNINITIALIZED_AUTOS = YES_AGGRESSIVE;
				GCC_WARN_UNUSED_FUNCTION = YES;
				GCC_WARN_UNUSED_VARIABLE = YES;
				IPHONEOS_DEPLOYMENT_TARGET = 10.2;
				MTL_ENABLE_DEBUG_INFO = NO;
				SDKROOT = iphoneos;
				SWIFT_OPTIMIZATION_LEVEL = "-Owholemodule";
				VALIDATE_PRODUCT = YES;
			};
			name = Release;
		};
		13D244941E3BA31E007554A9 /* Debug */ = {
			isa = XCBuildConfiguration;
			buildSettings = {
				ASSETCATALOG_COMPILER_APPICON_NAME = AppIcon;
				DEVELOPMENT_TEAM = 2NAFC97M9Y;
				INFOPLIST_FILE = CollectionView_Intro_Inicio/Info.plist;
				LD_RUNPATH_SEARCH_PATHS = "$(inherited) @executable_path/Frameworks";
				PRODUCT_BUNDLE_IDENTIFIER = "com.efectoapple.CollectionView-Intro-Inicio";
				PRODUCT_NAME = "$(TARGET_NAME)";
				SWIFT_VERSION = 3.0;
			};
			name = Debug;
		};
		13D244951E3BA31E007554A9 /* Release */ = {
			isa = XCBuildConfiguration;
			buildSettings = {
				ASSETCATALOG_COMPILER_APPICON_NAME = AppIcon;
				DEVELOPMENT_TEAM = 2NAFC97M9Y;
				INFOPLIST_FILE = CollectionView_Intro_Inicio/Info.plist;
				LD_RUNPATH_SEARCH_PATHS = "$(inherited) @executable_path/Frameworks";
				PRODUCT_BUNDLE_IDENTIFIER = "com.efectoapple.CollectionView-Intro-Inicio";
				PRODUCT_NAME = "$(TARGET_NAME)";
				SWIFT_VERSION = 3.0;
			};
			name = Release;
		};
/* End XCBuildConfiguration section */

/* Begin XCConfigurationList section */
		13D2447C1E3BA31E007554A9 /* Build configuration list for PBXProject "CollectionView_Intro_Inicio" */ = {
			isa = XCConfigurationList;
			buildConfigurations = (
				13D244911E3BA31E007554A9 /* Debug */,
				13D244921E3BA31E007554A9 /* Release */,
			);
			defaultConfigurationIsVisible = 0;
			defaultConfigurationName = Release;
		};
		13D244931E3BA31E007554A9 /* Build configuration list for PBXNativeTarget "CollectionView_Intro_Inicio" */ = {
			isa = XCConfigurationList;
			buildConfigurations = (
				13D244941E3BA31E007554A9 /* Debug */,
				13D244951E3BA31E007554A9 /* Release */,
			);
			defaultConfigurationIsVisible = 0;
		};
/* End XCConfigurationList section */
	};
	rootObject = 13D244791E3BA31E007554A9 /* Project object */;
}
